
Microsoft Visual Studio Solution File, Format Version 12.00
# Visual Studio Version 18
VisualStudioVersion = 18.6.11806.211 stable
MinimumVisualStudioVersion = 10.0.40219.1
Project("{FAE04EC0-301F-11D3-BF4B-00C04F79EFBC}") = "AlbumArtFixer", "AlbumArtFixer\AlbumArtFixer.csproj", "{ECB348EA-C954-5148-B92E-CB26E09BB6D1}"
EndProject
Global
	GlobalSection(SolutionConfigurationPlatforms) = preSolution
		Debug|Any CPU = Debug|Any CPU
		Release|Any CPU = Release|Any CPU
	EndGlobalSection
	GlobalSection(ProjectConfigurationPlatforms) = postSolution
		{ECB348EA-C954-5148-B92E-CB26E09BB6D1}.Debug|Any CPU.ActiveCfg = Debug|Any CPU
		{ECB348EA-C954-5148-B92E-CB26E09BB6D1}.Debug|Any CPU.Build.0 = Debug|Any CPU
		{ECB348EA-C954-5148-B92E-CB26E09BB6D1}.Release|Any CPU.ActiveCfg = Release|Any CPU
		{ECB348EA-C954-5148-B92E-CB26E09BB6D1}.Release|Any CPU.Build.0 = Release|Any CPU
	EndGlobalSection
	GlobalSection(SolutionProperties) = preSolution
		HideSolutionNode = FALSE
	EndGlobalSection
	GlobalSection(ExtensibilityGlobals) = postSolution
		SolutionGuid = {C3AFBA50-F7D5-41B4-BAB9-DF458D5C3CD9}
	EndGlobalSection
EndGlobal
